
Microsoft Visual Studio Solution File, Format Version 12.00
# Visual Studio 14
VisualStudioVersion = 14.0.25123.0
MinimumVisualStudioVersion = 10.0.40219.1
Project("{FAE04EC0-301F-11D3-BF4B-00C04F79EFBC}") = "NotifyIcon1", "NotifyIcon1\NotifyIcon1.csproj", "{46A5D1EB-2EA1-44DA-87F3-675488CB14D0}"
EndProject
Global
	GlobalSection(SolutionConfigurationPlatforms) = preSolution
		Debug|Any CPU = Debug|Any CPU
		Release|Any CPU = Release|Any CPU
	EndGlobalSection
	GlobalSection(ProjectConfigurationPlatforms) = postSolution
		{46A5D1EB-2EA1-44DA-87F3-675488CB14D0}.Debug|Any CPU.ActiveCfg = Debug|Any CPU
		{46A5D1EB-2EA1-44DA-87F3-675488CB14D0}.Debug|Any CPU.Build.0 = Debug|Any CPU
		{46A5D1EB-2EA1-44DA-87F3-675488CB14D0}.Release|Any CPU.ActiveCfg = Release|Any CPU
		{46A5D1EB-2EA1-44DA-87F3-675488CB14D0}.Release|Any CPU.Build.0 = Release|Any CPU
	EndGlobalSection
	GlobalSection(SolutionProperties) = preSolution
		HideSolutionNode = FALSE
	EndGlobalSection
EndGlobal
